{
  "name": "ralphgen",
  "version": "1.0.0",
  "lockfileVersion": 3,
  "requires": true,
  "packages": {
    "": {
      "name": "ralphgen",
      "version": "1.0.0",
      "license": "ISC",
      "devDependencies": {
        "@types/fabric": "^5.3.11",
        "typescript": "^5.9.3"
      }
    },
    "node_modules/@types/fabric": {
      "version": "5.3.11",
      "resolved": "https://registry.npmjs.org/@types/fabric/-/fabric-5.3.11.tgz",
      "integrity": "sha512-dvicyfS0rDW2KGnwXGz+t+ckMGZUtHzhp8XvaM99R1TsYVsIenf96PbEWCNMHknR6a3/lyYwh1APxxm+DqRkpw==",
      "dev": true,
      "license": "MIT"
    },
    "node_modules/typescript": {
      "version": "5.9.3",
      "resolved": "https://registry.npmjs.org/typescript/-/typescript-5.9.3.tgz",
      "integrity": "sha512-jl1vZzPDinLr9eUt3J/t7V6FgNEw9QjvBPdysz9KfQDD41fQrC2Y4vKQdiaUpFT4bXlb1RHhLpp8wtm6M5TgSw==",
      "dev": true,
      "license": "Apache-2.0",
      "bin": {
        "tsc": "bin/tsc",
        "tsserver": "bin/tsserver"
      },
      "engines": {
        "node": ">=14.17"
      }
    }
  }
}
